
Microsoft Visual Studio Solution File, Format Version 12.00
# Visual Studio 15
VisualStudioVersion = 15.0.28010.2050
MinimumVisualStudioVersion = 10.0.40219.1
Project("{FAE04EC0-301F-11D3-BF4B-00C04F79EFBC}") = "Kitchen_Simulation", "Kitchen_Simulation\Kitchen_Simulation.csproj", "{65EC0AC1-0F53-476F-8AC2-F6B6E4CE7959}"
EndProject
Project("{FAE04EC0-301F-11D3-BF4B-00C04F79EFBC}") = "Room_Simulation", "Room_Simulation\Room_Simulation.csproj", "{941209EC-FFA1-4272-8733-414B315A8C1A}"
EndProject
Project("{FAE04EC0-301F-11D3-BF4B-00C04F79EFBC}") = "KitchenTests", "KitchenTests\KitchenTests.csproj", "{37613032-2262-4C71-8658-BAC741E823F8}"
EndProject
Project("{FAE04EC0-301F-11D3-BF4B-00C04F79EFBC}") = "TestSocket", "TestSocket\TestSocket.csproj", "{5011C52A-7D3B-4F66-B097-F4FC9EED6145}"
EndProject
Global
	GlobalSection(SolutionConfigurationPlatforms) = preSolution
		Debug|Any CPU = Debug|Any CPU
		Debug|x86 = Debug|x86
		Release|Any CPU = Release|Any CPU
		Release|x86 = Release|x86
	EndGlobalSection
	GlobalSection(ProjectConfigurationPlatforms) = postSolution
		{65EC0AC1-0F53-476F-8AC2-F6B6E4CE7959}.Debug|Any CPU.ActiveCfg = Debug|x86
		{65EC0AC1-0F53-476F-8AC2-F6B6E4CE7959}.Debug|x86.ActiveCfg = Debug|x86
		{65EC0AC1-0F53-476F-8AC2-F6B6E4CE7959}.Debug|x86.Build.0 = Debug|x86
		{65EC0AC1-0F53-476F-8AC2-F6B6E4CE7959}.Release|Any CPU.ActiveCfg = Release|x86
		{65EC0AC1-0F53-476F-8AC2-F6B6E4CE7959}.Release|x86.ActiveCfg = Release|x86
		{65EC0AC1-0F53-476F-8AC2-F6B6E4CE7959}.Release|x86.Build.0 = Release|x86
		{941209EC-FFA1-4272-8733-414B315A8C1A}.Debug|Any CPU.ActiveCfg = Debug|x86
		{941209EC-FFA1-4272-8733-414B315A8C1A}.Debug|x86.ActiveCfg = Debug|x86
		{941209EC-FFA1-4272-8733-414B315A8C1A}.Debug|x86.Build.0 = Debug|x86
		{941209EC-FFA1-4272-8733-414B315A8C1A}.Release|Any CPU.ActiveCfg = Release|x86
		{941209EC-FFA1-4272-8733-414B315A8C1A}.Release|x86.ActiveCfg = Release|x86
		{941209EC-FFA1-4272-8733-414B315A8C1A}.Release|x86.Build.0 = Release|x86
		{37613032-2262-4C71-8658-BAC741E823F8}.Debug|Any CPU.ActiveCfg = Debug|Any CPU
		{37613032-2262-4C71-8658-BAC741E823F8}.Debug|Any CPU.Build.0 = Debug|Any CPU
		{37613032-2262-4C71-8658-BAC741E823F8}.Debug|x86.ActiveCfg = Debug|Any CPU
		{37613032-2262-4C71-8658-BAC741E823F8}.Debug|x86.Build.0 = Debug|Any CPU
		{37613032-2262-4C71-8658-BAC741E823F8}.Release|Any CPU.ActiveCfg = Release|Any CPU
		{37613032-2262-4C71-8658-BAC741E823F8}.Release|Any CPU.Build.0 = Release|Any CPU
		{37613032-2262-4C71-8658-BAC741E823F8}.Release|x86.ActiveCfg = Release|Any CPU
		{37613032-2262-4C71-8658-BAC741E823F8}.Release|x86.Build.0 = Release|Any CPU
		{5011C52A-7D3B-4F66-B097-F4FC9EED6145}.Debug|Any CPU.ActiveCfg = Debug|Any CPU
		{5011C52A-7D3B-4F66-B097-F4FC9EED6145}.Debug|Any CPU.Build.0 = Debug|Any CPU
		{5011C52A-7D3B-4F66-B097-F4FC9EED6145}.Debug|x86.ActiveCfg = Debug|Any CPU
		{5011C52A-7D3B-4F66-B097-F4FC9EED6145}.Debug|x86.Build.0 = Debug|Any CPU
		{5011C52A-7D3B-4F66-B097-F4FC9EED6145}.Release|Any CPU.ActiveCfg = Release|Any CPU
		{5011C52A-7D3B-4F66-B097-F4FC9EED6145}.Release|Any CPU.Build.0 = Release|Any CPU
		{5011C52A-7D3B-4F66-B097-F4FC9EED6145}.Release|x86.ActiveCfg = Release|Any CPU
		{5011C52A-7D3B-4F66-B097-F4FC9EED6145}.Release|x86.Build.0 = Release|Any CPU
	EndGlobalSection
	GlobalSection(SolutionProperties) = preSolution
		HideSolutionNode = FALSE
	EndGlobalSection
	GlobalSection(ExtensibilityGlobals) = postSolution
		SolutionGuid = {90C31A5D-D8E7-43BF-B0D1-B562A344E617}
	EndGlobalSection
EndGlobal
